
Microsoft Visual Studio Solution File, Format Version 12.00
# Visual Studio 15
VisualStudioVersion = 15.0.27004.2008
MinimumVisualStudioVersion = 10.0.40219.1
Project("{8BC9CEB8-8B4A-11D0-8D11-00A0C91BC942}") = "LISKA_PPR", "LISKA_PPR\LISKA_PPR.vcxproj", "{010CB306-6072-459E-8955-C21504F71E64}"
EndProject
Global
	GlobalSection(SolutionConfigurationPlatforms) = preSolution
		Debug|x64 = Debug|x64
		Debug|x86 = Debug|x86
		Release|x64 = Release|x64
		Release|x86 = Release|x86
	EndGlobalSection
	GlobalSection(ProjectConfigurationPlatforms) = postSolution
		{010CB306-6072-459E-8955-C21504F71E64}.Debug|x64.ActiveCfg = Debug|x64
		{010CB306-6072-459E-8955-C21504F71E64}.Debug|x64.Build.0 = Debug|x64
		{010CB306-6072-459E-8955-C21504F71E64}.Debug|x86.ActiveCfg = Debug|Win32
		{010CB306-6072-459E-8955-C21504F71E64}.Debug|x86.Build.0 = Debug|Win32
		{010CB306-6072-459E-8955-C21504F71E64}.Release|x64.ActiveCfg = Release|x64
		{010CB306-6072-459E-8955-C21504F71E64}.Release|x64.Build.0 = Release|x64
		{010CB306-6072-459E-8955-C21504F71E64}.Release|x86.ActiveCfg = Release|Win32
		{010CB306-6072-459E-8955-C21504F71E64}.Release|x86.Build.0 = Release|Win32
	EndGlobalSection
	GlobalSection(SolutionProperties) = preSolution
		HideSolutionNode = FALSE
	EndGlobalSection
	GlobalSection(ExtensibilityGlobals) = postSolution
		SolutionGuid = {77260603-A4C8-48A3-BD0C-9BB5D1703C00}
	EndGlobalSection
EndGlobal
