
Microsoft Visual Studio Solution File, Format Version 12.00
# Visual Studio 15
VisualStudioVersion = 15.0.26730.8
MinimumVisualStudioVersion = 10.0.40219.1
Project("{8BC9CEB8-8B4A-11D0-8D11-00A0C91BC942}") = "InputParser", "InputParser\InputParser.vcxproj", "{F83013F0-61DF-4AE8-AED4-898872F2188D}"
EndProject
Project("{8BC9CEB8-8B4A-11D0-8D11-00A0C91BC942}") = "Main", "Main\Main.vcxproj", "{7DBD9B3C-396D-4698-96F6-BA587684A7FC}"
EndProject
Project("{8BC9CEB8-8B4A-11D0-8D11-00A0C91BC942}") = "DataLoader", "DataLoader\DataLoader.vcxproj", "{AA92A1BA-1415-4007-9931-7A27158FC2B1}"
EndProject
Project("{8BC9CEB8-8B4A-11D0-8D11-00A0C91BC942}") = "SVGExporter", "SVGExporter\SVGExporter.vcxproj", "{F2755DB5-F32D-4E54-8F28-24B4CB73CD64}"
EndProject
Project("{8BC9CEB8-8B4A-11D0-8D11-00A0C91BC942}") = "PeakDetector", "PeakDetector\PeakDetector.vcxproj", "{D4BF13F8-B895-4471-9143-C08530E53464}"
EndProject
Global
	GlobalSection(SolutionConfigurationPlatforms) = preSolution
		Debug|x64 = Debug|x64
		Debug|x86 = Debug|x86
		Release|x64 = Release|x64
		Release|x86 = Release|x86
	EndGlobalSection
	GlobalSection(ProjectConfigurationPlatforms) = postSolution
		{F83013F0-61DF-4AE8-AED4-898872F2188D}.Debug|x64.ActiveCfg = Debug|x64
		{F83013F0-61DF-4AE8-AED4-898872F2188D}.Debug|x64.Build.0 = Debug|x64
		{F83013F0-61DF-4AE8-AED4-898872F2188D}.Debug|x86.ActiveCfg = Debug|Win32
		{F83013F0-61DF-4AE8-AED4-898872F2188D}.Debug|x86.Build.0 = Debug|Win32
		{F83013F0-61DF-4AE8-AED4-898872F2188D}.Release|x64.ActiveCfg = Release|x64
		{F83013F0-61DF-4AE8-AED4-898872F2188D}.Release|x64.Build.0 = Release|x64
		{F83013F0-61DF-4AE8-AED4-898872F2188D}.Release|x86.ActiveCfg = Release|Win32
		{F83013F0-61DF-4AE8-AED4-898872F2188D}.Release|x86.Build.0 = Release|Win32
		{7DBD9B3C-396D-4698-96F6-BA587684A7FC}.Debug|x64.ActiveCfg = Debug|x64
		{7DBD9B3C-396D-4698-96F6-BA587684A7FC}.Debug|x64.Build.0 = Debug|x64
		{7DBD9B3C-396D-4698-96F6-BA587684A7FC}.Debug|x86.ActiveCfg = Debug|Win32
		{7DBD9B3C-396D-4698-96F6-BA587684A7FC}.Debug|x86.Build.0 = Debug|Win32
		{7DBD9B3C-396D-4698-96F6-BA587684A7FC}.Release|x64.ActiveCfg = Release|x64
		{7DBD9B3C-396D-4698-96F6-BA587684A7FC}.Release|x64.Build.0 = Release|x64
		{7DBD9B3C-396D-4698-96F6-BA587684A7FC}.Release|x86.ActiveCfg = Release|Win32
		{7DBD9B3C-396D-4698-96F6-BA587684A7FC}.Release|x86.Build.0 = Release|Win32
		{AA92A1BA-1415-4007-9931-7A27158FC2B1}.Debug|x64.ActiveCfg = Debug|x64
		{AA92A1BA-1415-4007-9931-7A27158FC2B1}.Debug|x64.Build.0 = Debug|x64
		{AA92A1BA-1415-4007-9931-7A27158FC2B1}.Debug|x86.ActiveCfg = Debug|Win32
		{AA92A1BA-1415-4007-9931-7A27158FC2B1}.Debug|x86.Build.0 = Debug|Win32
		{AA92A1BA-1415-4007-9931-7A27158FC2B1}.Release|x64.ActiveCfg = Release|x64
		{AA92A1BA-1415-4007-9931-7A27158FC2B1}.Release|x64.Build.0 = Release|x64
		{AA92A1BA-1415-4007-9931-7A27158FC2B1}.Release|x86.ActiveCfg = Release|Win32
		{AA92A1BA-1415-4007-9931-7A27158FC2B1}.Release|x86.Build.0 = Release|Win32
		{F2755DB5-F32D-4E54-8F28-24B4CB73CD64}.Debug|x64.ActiveCfg = Debug|x64
		{F2755DB5-F32D-4E54-8F28-24B4CB73CD64}.Debug|x64.Build.0 = Debug|x64
		{F2755DB5-F32D-4E54-8F28-24B4CB73CD64}.Debug|x86.ActiveCfg = Debug|Win32
		{F2755DB5-F32D-4E54-8F28-24B4CB73CD64}.Debug|x86.Build.0 = Debug|Win32
		{F2755DB5-F32D-4E54-8F28-24B4CB73CD64}.Release|x64.ActiveCfg = Release|x64
		{F2755DB5-F32D-4E54-8F28-24B4CB73CD64}.Release|x64.Build.0 = Release|x64
		{F2755DB5-F32D-4E54-8F28-24B4CB73CD64}.Release|x86.ActiveCfg = Release|Win32
		{F2755DB5-F32D-4E54-8F28-24B4CB73CD64}.Release|x86.Build.0 = Release|Win32
		{D4BF13F8-B895-4471-9143-C08530E53464}.Debug|x64.ActiveCfg = Debug|x64
		{D4BF13F8-B895-4471-9143-C08530E53464}.Debug|x64.Build.0 = Debug|x64
		{D4BF13F8-B895-4471-9143-C08530E53464}.Debug|x86.ActiveCfg = Debug|Win32
		{D4BF13F8-B895-4471-9143-C08530E53464}.Debug|x86.Build.0 = Debug|Win32
		{D4BF13F8-B895-4471-9143-C08530E53464}.Release|x64.ActiveCfg = Release|x64
		{D4BF13F8-B895-4471-9143-C08530E53464}.Release|x64.Build.0 = Release|x64
		{D4BF13F8-B895-4471-9143-C08530E53464}.Release|x86.ActiveCfg = Release|Win32
		{D4BF13F8-B895-4471-9143-C08530E53464}.Release|x86.Build.0 = Release|Win32
	EndGlobalSection
	GlobalSection(SolutionProperties) = preSolution
		HideSolutionNode = FALSE
	EndGlobalSection
	GlobalSection(ExtensibilityGlobals) = postSolution
		SolutionGuid = {E7651380-35C9-4C91-A64E-21CA5D89BAF5}
	EndGlobalSection
EndGlobal
