<?xml version="1.0" encoding="utf-8"?>
<Project ToolsVersion="4.0" xmlns="http://schemas.microsoft.com/developer/msbuild/2003">
  <ItemGroup>
    <Filter Include="Source Files">
      <UniqueIdentifier>{4FC737F1-C7A5-4376-A066-2A32D752A2FF}</UniqueIdentifier>
      <Extensions>cpp;c;cc;cxx;def;odl;idl;hpj;bat;asm;asmx</Extensions>
    </Filter>
    <Filter Include="Header Files">
      <UniqueIdentifier>{93995380-89BD-4b04-88EB-625FBE52EBFB}</UniqueIdentifier>
      <Extensions>h;hh;hpp;hxx;hm;inl;inc;xsd</Extensions>
    </Filter>
    <Filter Include="Resource Files">
      <UniqueIdentifier>{67DA6AB6-F800-4c08-8B7A-83BB121AAD01}</UniqueIdentifier>
      <Extensions>rc;ico;cur;bmp;dlg;rc2;rct;bin;rgs;gif;jpg;jpeg;jpe;resx;tiff;tif;png;wav;mfcribbon-ms</Extensions>
    </Filter>
  </ItemGroup>
  <ItemGroup>
    <ClCompile Include="DataLoader\DatabaseConnector.cpp">
      <Filter>Source Files</Filter>
    </ClCompile>
    <ClCompile Include="DataLoader\DataLoader.cpp">
      <Filter>Source Files</Filter>
    </ClCompile>
    <ClCompile Include="DataLoader\DataWrapper.cpp">
      <Filter>Source Files</Filter>
    </ClCompile>
    <ClCompile Include="DataLoader\FromTo.cpp">
      <Filter>Source Files</Filter>
    </ClCompile>
    <ClCompile Include="DataLoader\Segment.cpp">
      <Filter>Source Files</Filter>
    </ClCompile>
    <ClCompile Include="DataLoader\SegmentDay.cpp">
      <Filter>Source Files</Filter>
    </ClCompile>
    <ClCompile Include="DataLoader\SegmentDays.cpp">
      <Filter>Source Files</Filter>
    </ClCompile>
    <ClCompile Include="DataLoader\TMeasuredValue.cpp">
      <Filter>Source Files</Filter>
    </ClCompile>
    <ClCompile Include="InputParser\InputParser.cpp">
      <Filter>Source Files</Filter>
    </ClCompile>
    <ClCompile Include="PeakDetector\Peak.cpp">
      <Filter>Source Files</Filter>
    </ClCompile>
    <ClCompile Include="PeakDetector\PeakDetector.cpp">
      <Filter>Source Files</Filter>
    </ClCompile>
    <ClCompile Include="SVGExporter\DataHelper.cpp">
      <Filter>Source Files</Filter>
    </ClCompile>
    <ClCompile Include="SVGExporter\SVGExporter.cpp">
      <Filter>Source Files</Filter>
    </ClCompile>
  </ItemGroup>
  <ItemGroup>
    <ClInclude Include="DataLoader\DatabaseConnector.h">
      <Filter>Header Files</Filter>
    </ClInclude>
    <ClInclude Include="DataLoader\DataLoader.h">
      <Filter>Header Files</Filter>
    </ClInclude>
    <ClInclude Include="DataLoader\DataWrapper.h">
      <Filter>Header Files</Filter>
    </ClInclude>
    <ClInclude Include="DataLoader\FromTo.h">
      <Filter>Header Files</Filter>
    </ClInclude>
    <ClInclude Include="DataLoader\Segment.h">
      <Filter>Header Files</Filter>
    </ClInclude>
    <ClInclude Include="DataLoader\SegmentDay.h">
      <Filter>Header Files</Filter>
    </ClInclude>
    <ClInclude Include="DataLoader\SegmentDays.h">
      <Filter>Header Files</Filter>
    </ClInclude>
    <ClInclude Include="DataLoader\sqlQueries.h">
      <Filter>Header Files</Filter>
    </ClInclude>
    <ClInclude Include="DataLoader\TMeasuredValue.h">
      <Filter>Header Files</Filter>
    </ClInclude>
    <ClInclude Include="InputParser\InputParser.h">
      <Filter>Header Files</Filter>
    </ClInclude>
    <ClInclude Include="PeakDetector\Peak.h">
      <Filter>Header Files</Filter>
    </ClInclude>
    <ClInclude Include="PeakDetector\PeakDetector.h">
      <Filter>Header Files</Filter>
    </ClInclude>
    <ClInclude Include="SVGExporter\DataHelper.h">
      <Filter>Header Files</Filter>
    </ClInclude>
    <ClInclude Include="SVGExporter\simple_svg_1.0.0.hpp">
      <Filter>Header Files</Filter>
    </ClInclude>
    <ClInclude Include="SVGExporter\SVGExporter.h">
      <Filter>Header Files</Filter>
    </ClInclude>
    <ClInclude Include="SVGExporter\SVGExporterConstants.h">
      <Filter>Header Files</Filter>
    </ClInclude>
  </ItemGroup>
</Project>